
Microsoft Visual Studio Solution File, Format Version 12.00
# Visual Studio 15
VisualStudioVersion = 15.0.28307.421
MinimumVisualStudioVersion = 10.0.40219.1
Project("{FAE04EC0-301F-11D3-BF4B-00C04F79EFBC}") = "MyCollections", "MyCollections\MyCollections.csproj", "{005FDE8E-81E4-42A9-A9A7-E2645AD17EE4}"
EndProject
Global
	GlobalSection(SolutionConfigurationPlatforms) = preSolution
		Debug|Any CPU = Debug|Any CPU
		Release|Any CPU = Release|Any CPU
	EndGlobalSection
	GlobalSection(ProjectConfigurationPlatforms) = postSolution
		{005FDE8E-81E4-42A9-A9A7-E2645AD17EE4}.Debug|Any CPU.ActiveCfg = Debug|Any CPU
		{005FDE8E-81E4-42A9-A9A7-E2645AD17EE4}.Debug|Any CPU.Build.0 = Debug|Any CPU
		{005FDE8E-81E4-42A9-A9A7-E2645AD17EE4}.Release|Any CPU.ActiveCfg = Release|Any CPU
		{005FDE8E-81E4-42A9-A9A7-E2645AD17EE4}.Release|Any CPU.Build.0 = Release|Any CPU
	EndGlobalSection
	GlobalSection(SolutionProperties) = preSolution
		HideSolutionNode = FALSE
	EndGlobalSection
	GlobalSection(ExtensibilityGlobals) = postSolution
		SolutionGuid = {0C26F18E-4BBA-47C4-A5F7-B963A608521D}
	EndGlobalSection
EndGlobal
